
Microsoft Visual Studio Solution File, Format Version 12.00
# Visual Studio Version 16
VisualStudioVersion = 16.0.30427.197
MinimumVisualStudioVersion = 10.0.40219.1
Project("{FAE04EC0-301F-11D3-BF4B-00C04F79EFBC}") = "gitcmd", "gitcmd.csproj", "{CEDD0322-6D2D-4330-8730-8BDBD5D8F621}"
EndProject
Global
	GlobalSection(SolutionConfigurationPlatforms) = preSolution
		Debug|Any CPU = Debug|Any CPU
		Release|Any CPU = Release|Any CPU
	EndGlobalSection
	GlobalSection(ProjectConfigurationPlatforms) = postSolution
		{CEDD0322-6D2D-4330-8730-8BDBD5D8F621}.Debug|Any CPU.ActiveCfg = Debug|Any CPU
		{CEDD0322-6D2D-4330-8730-8BDBD5D8F621}.Debug|Any CPU.Build.0 = Debug|Any CPU
		{CEDD0322-6D2D-4330-8730-8BDBD5D8F621}.Release|Any CPU.ActiveCfg = Release|Any CPU
		{CEDD0322-6D2D-4330-8730-8BDBD5D8F621}.Release|Any CPU.Build.0 = Release|Any CPU
	EndGlobalSection
	GlobalSection(SolutionProperties) = preSolution
		HideSolutionNode = FALSE
	EndGlobalSection
	GlobalSection(ExtensibilityGlobals) = postSolution
		SolutionGuid = {EA31EB3E-DD38-42FC-88A4-94AB4985657B}
	EndGlobalSection
EndGlobal
